// !$*UTF8*$!
{
	archiveVersion = 1;
	classes = {
	};
	objectVersion = 46;
	objects = {

/* Begin PBXBuildFile section */
		76D48419190A975200B8157C /* Foundation.framework in Frameworks */ = {isa = PBXBuildFile; fileRef = 76D48418190A975200B8157C /* Foundation.framework */; };
		76D4841B190A975200B8157C /* CoreGraphics.framework in Frameworks */ = {isa = PBXBuildFile; fileRef = 76D4841A190A975200B8157C /* CoreGraphics.framework */; };
		76D4841D190A975200B8157C /* UIKit.framework in Frameworks */ = {isa = PBXBuildFile; fileRef = 76D4841C190A975200B8157C /* UIKit.framework */; };
		76D48432190A975200B8157C /* XCTest.framework in Frameworks */ = {isa = PBXBuildFile; fileRef = 76D48431190A975200B8157C /* XCTest.framework */; };
		76D48433190A975200B8157C /* Foundation.framework in Frameworks */ = {isa = PBXBuildFile; fileRef = 76D48418190A975200B8157C /* Foundation.framework */; };
		76D48434190A975200B8157C /* UIKit.framework in Frameworks */ = {isa = PBXBuildFile; fileRef = 76D4841C190A975200B8157C /* UIKit.framework */; };
		76D48450190A979B00B8157C /* InfoPlist.strings in Resources */ = {isa = PBXBuildFile; fileRef = 76D48448190A979B00B8157C /* InfoPlist.strings */; };
		76D48451190A979B00B8157C /* Images.xcassets in Resources */ = {isa = PBXBuildFile; fileRef = 76D4844A190A979B00B8157C /* Images.xcassets */; };
		76D48452190A979B00B8157C /* main.m in Sources */ = {isa = PBXBuildFile; fileRef = 76D4844B190A979B00B8157C /* main.m */; };
		76D48453190A979B00B8157C /* SVGAppDelegate.m in Sources */ = {isa = PBXBuildFile; fileRef = 76D4844D190A979B00B8157C /* SVGAppDelegate.m */; };
		76D48454190A979B00B8157C /* UIImage-SVG-Info.plist in Resources */ = {isa = PBXBuildFile; fileRef = 76D4844E190A979B00B8157C /* UIImage-SVG-Info.plist */; };
		76D4845A190A97A300B8157C /* InfoPlist.strings in Resources */ = {isa = PBXBuildFile; fileRef = 76D48456190A97A300B8157C /* InfoPlist.strings */; };
		76D4845B190A97A300B8157C /* UIImage-SVGTests-Info.plist in Resources */ = {isa = PBXBuildFile; fileRef = 76D48458190A97A300B8157C /* UIImage-SVGTests-Info.plist */; };
		76D4845C190A97A300B8157C /* UIImage_SVGTests.m in Sources */ = {isa = PBXBuildFile; fileRef = 76D48459190A97A300B8157C /* UIImage_SVGTests.m */; };
		76D48460190A97AD00B8157C /* PocketSVG.m in Sources */ = {isa = PBXBuildFile; fileRef = 76D4845F190A97AD00B8157C /* PocketSVG.m */; };
		76D48463190A97BF00B8157C /* UIImage+SVG.m in Sources */ = {isa = PBXBuildFile; fileRef = 76D48462190A97BF00B8157C /* UIImage+SVG.m */; };
		76D48466190A97E700B8157C /* SVGImageCache.m in Sources */ = {isa = PBXBuildFile; fileRef = 76D48465190A97E700B8157C /* SVGImageCache.m */; };
		76D48469190A9C5800B8157C /* Happyface.svg in Resources */ = {isa = PBXBuildFile; fileRef = 76D48468190A9C5800B8157C /* Happyface.svg */; };
		76D4846F190A9FC500B8157C /* Happyface.svg in Resources */ = {isa = PBXBuildFile; fileRef = 76D48468190A9C5800B8157C /* Happyface.svg */; };
		9BABD74398C54247ACC55342 /* libPods.a in Frameworks */ = {isa = PBXBuildFile; fileRef = 6F6B3006BDA94910A0B19444 /* libPods.a */; };
		ADD2CE0C195080B80028FCED /* tabbar_about.svg in Resources */ = {isa = PBXBuildFile; fileRef = ADD2CE08195080B80028FCED /* tabbar_about.svg */; };
		ADD2CE0D195080B80028FCED /* tabbar_events.svg in Resources */ = {isa = PBXBuildFile; fileRef = ADD2CE09195080B80028FCED /* tabbar_events.svg */; };
		ADD2CE0E195080B80028FCED /* tabbar_locations.svg in Resources */ = {isa = PBXBuildFile; fileRef = ADD2CE0A195080B80028FCED /* tabbar_locations.svg */; };
		ADD2CE0F195080B80028FCED /* tabbar_news.svg in Resources */ = {isa = PBXBuildFile; fileRef = ADD2CE0B195080B80028FCED /* tabbar_news.svg */; };
/* End PBXBuildFile section */

/* Begin PBXContainerItemProxy section */
		76D48435190A975200B8157C /* PBXContainerItemProxy */ = {
			isa = PBXContainerItemProxy;
			containerPortal = 76D4840D190A975200B8157C /* Project object */;
			proxyType = 1;
			remoteGlobalIDString = 76D48414190A975200B8157C;
			remoteInfo = "UIImage-SVG";
		};
/* End PBXContainerItemProxy section */

/* Begin PBXFileReference section */
		1AADF9EC058F4974A3EEC6CB /* Pods.xcconfig */ = {isa = PBXFileReference; includeInIndex = 1; lastKnownFileType = text.xcconfig; name = Pods.xcconfig; path = Pods/Pods.xcconfig; sourceTree = "<group>"; };
		6F6B3006BDA94910A0B19444 /* libPods.a */ = {isa = PBXFileReference; explicitFileType = archive.ar; includeInIndex = 0; path = libPods.a; sourceTree = BUILT_PRODUCTS_DIR; };
		76D48415190A975200B8157C /* UIImage-SVG.app */ = {isa = PBXFileReference; explicitFileType = wrapper.application; includeInIndex = 0; path = "UIImage-SVG.app"; sourceTree = BUILT_PRODUCTS_DIR; };
		76D48418190A975200B8157C /* Foundation.framework */ = {isa = PBXFileReference; lastKnownFileType = wrapper.framework; name = Foundation.framework; path = System/Library/Frameworks/Foundation.framework; sourceTree = SDKROOT; };
		76D4841A190A975200B8157C /* CoreGraphics.framework */ = {isa = PBXFileReference; lastKnownFileType = wrapper.framework; name = CoreGraphics.framework; path = System/Library/Frameworks/CoreGraphics.framework; sourceTree = SDKROOT; };
		76D4841C190A975200B8157C /* UIKit.framework */ = {isa = PBXFileReference; lastKnownFileType = wrapper.framework; name = UIKit.framework; path = System/Library/Frameworks/UIKit.framework; sourceTree = SDKROOT; };
		76D48430190A975200B8157C /* UIImage-SVGTests.xctest */ = {isa = PBXFileReference; explicitFileType = wrapper.cfbundle; includeInIndex = 0; path = "UIImage-SVGTests.xctest"; sourceTree = BUILT_PRODUCTS_DIR; };
		76D48431190A975200B8157C /* XCTest.framework */ = {isa = PBXFileReference; lastKnownFileType = wrapper.framework; name = XCTest.framework; path = Library/Frameworks/XCTest.framework; sourceTree = DEVELOPER_DIR; };
		76D48449190A979B00B8157C /* en */ = {isa = PBXFileReference; lastKnownFileType = text.plist.strings; name = en; path = en.lproj/InfoPlist.strings; sourceTree = "<group>"; };
		76D4844A190A979B00B8157C /* Images.xcassets */ = {isa = PBXFileReference; lastKnownFileType = folder.assetcatalog; path = Images.xcassets; sourceTree = "<group>"; };
		76D4844B190A979B00B8157C /* main.m */ = {isa = PBXFileReference; fileEncoding = 4; lastKnownFileType = sourcecode.c.objc; path = main.m; sourceTree = "<group>"; };
		76D4844C190A979B00B8157C /* SVGAppDelegate.h */ = {isa = PBXFileReference; fileEncoding = 4; lastKnownFileType = sourcecode.c.h; path = SVGAppDelegate.h; sourceTree = "<group>"; };
		76D4844D190A979B00B8157C /* SVGAppDelegate.m */ = {isa = PBXFileReference; fileEncoding = 4; lastKnownFileType = sourcecode.c.objc; path = SVGAppDelegate.m; sourceTree = "<group>"; };
		76D4844E190A979B00B8157C /* UIImage-SVG-Info.plist */ = {isa = PBXFileReference; fileEncoding = 4; lastKnownFileType = text.plist.xml; path = "UIImage-SVG-Info.plist"; sourceTree = "<group>"; };
		76D4844F190A979B00B8157C /* UIImage-SVG-Prefix.pch */ = {isa = PBXFileReference; fileEncoding = 4; lastKnownFileType = sourcecode.c.h; path = "UIImage-SVG-Prefix.pch"; sourceTree = "<group>"; };
		76D48457190A97A300B8157C /* en */ = {isa = PBXFileReference; lastKnownFileType = text.plist.strings; name = en; path = en.lproj/InfoPlist.strings; sourceTree = "<group>"; };
		76D48458190A97A300B8157C /* UIImage-SVGTests-Info.plist */ = {isa = PBXFileReference; fileEncoding = 4; lastKnownFileType = text.plist.xml; path = "UIImage-SVGTests-Info.plist"; sourceTree = "<group>"; };
		76D48459190A97A300B8157C /* UIImage_SVGTests.m */ = {isa = PBXFileReference; fileEncoding = 4; lastKnownFileType = sourcecode.c.objc; path = UIImage_SVGTests.m; sourceTree = "<group>"; };
		76D4845E190A97AD00B8157C /* PocketSVG.h */ = {isa = PBXFileReference; fileEncoding = 4; lastKnownFileType = sourcecode.c.h; path = PocketSVG.h; sourceTree = "<group>"; };
		76D4845F190A97AD00B8157C /* PocketSVG.m */ = {isa = PBXFileReference; fileEncoding = 4; lastKnownFileType = sourcecode.c.objc; path = PocketSVG.m; sourceTree = "<group>"; };
		76D48461190A97BF00B8157C /* UIImage+SVG.h */ = {isa = PBXFileReference; fileEncoding = 4; lastKnownFileType = sourcecode.c.h; path = "UIImage+SVG.h"; sourceTree = "<group>"; };
		76D48462190A97BF00B8157C /* UIImage+SVG.m */ = {isa = PBXFileReference; fileEncoding = 4; lastKnownFileType = sourcecode.c.objc; path = "UIImage+SVG.m"; sourceTree = "<group>"; };
		76D48464190A97E700B8157C /* SVGImageCache.h */ = {isa = PBXFileReference; fileEncoding = 4; lastKnownFileType = sourcecode.c.h; path = SVGImageCache.h; sourceTree = "<group>"; };
		76D48465190A97E700B8157C /* SVGImageCache.m */ = {isa = PBXFileReference; fileEncoding = 4; lastKnownFileType = sourcecode.c.objc; path = SVGImageCache.m; sourceTree = "<group>"; };
		76D48468190A9C5800B8157C /* Happyface.svg */ = {isa = PBXFileReference; fileEncoding = 4; lastKnownFileType = text.xml; path = Happyface.svg; sourceTree = "<group>"; };
		ADD2CE08195080B80028FCED /* tabbar_about.svg */ = {isa = PBXFileReference; fileEncoding = 4; lastKnownFileType = text.xml; path = tabbar_about.svg; sourceTree = "<group>"; };
		ADD2CE09195080B80028FCED /* tabbar_events.svg */ = {isa = PBXFileReference; fileEncoding = 4; lastKnownFileType = text.xml; path = tabbar_events.svg; sourceTree = "<group>"; };
		ADD2CE0A195080B80028FCED /* tabbar_locations.svg */ = {isa = PBXFileReference; fileEncoding = 4; lastKnownFileType = text.xml; path = tabbar_locations.svg; sourceTree = "<group>"; };
		ADD2CE0B195080B80028FCED /* tabbar_news.svg */ = {isa = PBXFileReference; fileEncoding = 4; lastKnownFileType = text.xml; path = tabbar_news.svg; sourceTree = "<group>"; };
/* End PBXFileReference section */

/* Begin PBXFrameworksBuildPhase section */
		76D48412190A975200B8157C /* Frameworks */ = {
			isa = PBXFrameworksBuildPhase;
			buildActionMask = 2147483647;
			files = (
				76D4841B190A975200B8157C /* CoreGraphics.framework in Frameworks */,
				76D4841D190A975200B8157C /* UIKit.framework in Frameworks */,
				76D48419190A975200B8157C /* Foundation.framework in Frameworks */,
				9BABD74398C54247ACC55342 /* libPods.a in Frameworks */,
			);
			runOnlyForDeploymentPostprocessing = 0;
		};
		76D4842D190A975200B8157C /* Frameworks */ = {
			isa = PBXFrameworksBuildPhase;
			buildActionMask = 2147483647;
			files = (
				76D48432190A975200B8157C /* XCTest.framework in Frameworks */,
				76D48434190A975200B8157C /* UIKit.framework in Frameworks */,
				76D48433190A975200B8157C /* Foundation.framework in Frameworks */,
			);
			runOnlyForDeploymentPostprocessing = 0;
		};
/* End PBXFrameworksBuildPhase section */

/* Begin PBXGroup section */
		76D4840C190A975200B8157C = {
			isa = PBXGroup;
			children = (
				76D4845D190A97AD00B8157C /* Classes */,
				76D48447190A979B00B8157C /* Example */,
				76D48455190A97A300B8157C /* Tests */,
				76D48417190A975200B8157C /* Frameworks */,
				76D48416190A975200B8157C /* Products */,
				1AADF9EC058F4974A3EEC6CB /* Pods.xcconfig */,
			);
			sourceTree = "<group>";
		};
		76D48416190A975200B8157C /* Products */ = {
			isa = PBXGroup;
			children = (
				76D48415190A975200B8157C /* UIImage-SVG.app */,
				76D48430190A975200B8157C /* UIImage-SVGTests.xctest */,
			);
			name = Products;
			sourceTree = "<group>";
		};
		76D48417190A975200B8157C /* Frameworks */ = {
			isa = PBXGroup;
			children = (
				76D48418190A975200B8157C /* Foundation.framework */,
				76D4841A190A975200B8157C /* CoreGraphics.framework */,
				76D4841C190A975200B8157C /* UIKit.framework */,
				76D48431190A975200B8157C /* XCTest.framework */,
				6F6B3006BDA94910A0B19444 /* libPods.a */,
			);
			name = Frameworks;
			sourceTree = "<group>";
		};
		76D48447190A979B00B8157C /* Example */ = {
			isa = PBXGroup;
			children = (
				76D48467190A9C5800B8157C /* Resources */,
				76D48448190A979B00B8157C /* InfoPlist.strings */,
				76D4844A190A979B00B8157C /* Images.xcassets */,
				76D4844B190A979B00B8157C /* main.m */,
				76D4844C190A979B00B8157C /* SVGAppDelegate.h */,
				76D4844D190A979B00B8157C /* SVGAppDelegate.m */,
				76D4844E190A979B00B8157C /* UIImage-SVG-Info.plist */,
				76D4844F190A979B00B8157C /* UIImage-SVG-Prefix.pch */,
			);
			path = Example;
			sourceTree = "<group>";
		};
		76D48455190A97A300B8157C /* Tests */ = {
			isa = PBXGroup;
			children = (
				76D48456190A97A300B8157C /* InfoPlist.strings */,
				76D48458190A97A300B8157C /* UIImage-SVGTests-Info.plist */,
				76D48459190A97A300B8157C /* UIImage_SVGTests.m */,
			);
			path = Tests;
			sourceTree = "<group>";
		};
		76D4845D190A97AD00B8157C /* Classes */ = {
			isa = PBXGroup;
			children = (
				76D4845E190A97AD00B8157C /* PocketSVG.h */,
				76D4845F190A97AD00B8157C /* PocketSVG.m */,
				76D48461190A97BF00B8157C /* UIImage+SVG.h */,
				76D48462190A97BF00B8157C /* UIImage+SVG.m */,
				76D48464190A97E700B8157C /* SVGImageCache.h */,
				76D48465190A97E700B8157C /* SVGImageCache.m */,
			);
			path = Classes;
			sourceTree = "<group>";
		};
		76D48467190A9C5800B8157C /* Resources */ = {
			isa = PBXGroup;
			children = (
				ADD2CE09195080B80028FCED /* tabbar_events.svg */,
				76D48468190A9C5800B8157C /* Happyface.svg */,
				ADD2CE08195080B80028FCED /* tabbar_about.svg */,
				ADD2CE0A195080B80028FCED /* tabbar_locations.svg */,
				ADD2CE0B195080B80028FCED /* tabbar_news.svg */,
			);
			path = Resources;
			sourceTree = "<group>";
		};
/* End PBXGroup section */

/* Begin PBXNativeTarget section */
		76D48414190A975200B8157C /* UIImage-SVG */ = {
			isa = PBXNativeTarget;
			buildConfigurationList = 76D48441190A975200B8157C /* Build configuration list for PBXNativeTarget "UIImage-SVG" */;
			buildPhases = (
				BEFBE566D395428298E0F810 /* Check Pods Manifest.lock */,
				76D48411190A975200B8157C /* Sources */,
				76D48412190A975200B8157C /* Frameworks */,
				76D48413190A975200B8157C /* Resources */,
				005BE71512114BB399A2F194 /* Copy Pods Resources */,
			);
			buildRules = (
			);
			dependencies = (
			);
			name = "UIImage-SVG";
			productName = "UIImage-SVG";
			productReference = 76D48415190A975200B8157C /* UIImage-SVG.app */;
			productType = "com.apple.product-type.application";
		};
		76D4842F190A975200B8157C /* UIImage-SVGTests */ = {
			isa = PBXNativeTarget;
			buildConfigurationList = 76D48444190A975200B8157C /* Build configuration list for PBXNativeTarget "UIImage-SVGTests" */;
			buildPhases = (
				76D4842C190A975200B8157C /* Sources */,
				76D4842D190A975200B8157C /* Frameworks */,
				76D4842E190A975200B8157C /* Resources */,
			);
			buildRules = (
			);
			dependencies = (
				76D48436190A975200B8157C /* PBXTargetDependency */,
			);
			name = "UIImage-SVGTests";
			productName = "UIImage-SVGTests";
			productReference = 76D48430190A975200B8157C /* UIImage-SVGTests.xctest */;
			productType = "com.apple.product-type.bundle.unit-test";
		};
/* End PBXNativeTarget section */

/* Begin PBXProject section */
		76D4840D190A975200B8157C /* Project object */ = {
			isa = PBXProject;
			attributes = {
				CLASSPREFIX = SVG;
				LastUpgradeCheck = 0510;
				ORGANIZATIONNAME = "Label305 B.V.";
				TargetAttributes = {
					76D4842F190A975200B8157C = {
						TestTargetID = 76D48414190A975200B8157C;
					};
				};
			};
			buildConfigurationList = 76D48410190A975200B8157C /* Build configuration list for PBXProject "UIImage-SVG" */;
			compatibilityVersion = "Xcode 3.2";
			developmentRegion = English;
			hasScannedForEncodings = 0;
			knownRegions = (
				en,
			);
			mainGroup = 76D4840C190A975200B8157C;
			productRefGroup = 76D48416190A975200B8157C /* Products */;
			projectDirPath = "";
			projectRoot = "";
			targets = (
				76D48414190A975200B8157C /* UIImage-SVG */,
				76D4842F190A975200B8157C /* UIImage-SVGTests */,
			);
		};
/* End PBXProject section */

/* Begin PBXResourcesBuildPhase section */
		76D48413190A975200B8157C /* Resources */ = {
			isa = PBXResourcesBuildPhase;
			buildActionMask = 2147483647;
			files = (
				ADD2CE0C195080B80028FCED /* tabbar_about.svg in Resources */,
				ADD2CE0D195080B80028FCED /* tabbar_events.svg in Resources */,
				76D48469190A9C5800B8157C /* Happyface.svg in Resources */,
				76D48454190A979B00B8157C /* UIImage-SVG-Info.plist in Resources */,
				76D48450190A979B00B8157C /* InfoPlist.strings in Resources */,
				ADD2CE0F195080B80028FCED /* tabbar_news.svg in Resources */,
				ADD2CE0E195080B80028FCED /* tabbar_locations.svg in Resources */,
				76D48451190A979B00B8157C /* Images.xcassets in Resources */,
			);
			runOnlyForDeploymentPostprocessing = 0;
		};
		76D4842E190A975200B8157C /* Resources */ = {
			isa = PBXResourcesBuildPhase;
			buildActionMask = 2147483647;
			files = (
				76D4846F190A9FC500B8157C /* Happyface.svg in Resources */,
				76D4845A190A97A300B8157C /* InfoPlist.strings in Resources */,
				76D4845B190A97A300B8157C /* UIImage-SVGTests-Info.plist in Resources */,
			);
			runOnlyForDeploymentPostprocessing = 0;
		};
/* End PBXResourcesBuildPhase section */

/* Begin PBXShellScriptBuildPhase section */
		005BE71512114BB399A2F194 /* Copy Pods Resources */ = {
			isa = PBXShellScriptBuildPhase;
			buildActionMask = 2147483647;
			files = (
			);
			inputPaths = (
			);
			name = "Copy Pods Resources";
			outputPaths = (
			);
			runOnlyForDeploymentPostprocessing = 0;
			shellPath = /bin/sh;
			shellScript = "\"${SRCROOT}/Pods/Pods-resources.sh\"\n";
			showEnvVarsInLog = 0;
		};
		BEFBE566D395428298E0F810 /* Check Pods Manifest.lock */ = {
			isa = PBXShellScriptBuildPhase;
			buildActionMask = 2147483647;
			files = (
			);
			inputPaths = (
			);
			name = "Check Pods Manifest.lock";
			outputPaths = (
			);
			runOnlyForDeploymentPostprocessing = 0;
			shellPath = /bin/sh;
			shellScript = "diff \"${PODS_ROOT}/../Podfile.lock\" \"${PODS_ROOT}/Manifest.lock\" > /dev/null\nif [[ $? != 0 ]] ; then\n    cat << EOM\nerror: The sandbox is not in sync with the Podfile.lock. Run 'pod install' or update your CocoaPods installation.\nEOM\n    exit 1\nfi\n";
			showEnvVarsInLog = 0;
		};
/* End PBXShellScriptBuildPhase section */

/* Begin PBXSourcesBuildPhase section */
		76D48411190A975200B8157C /* Sources */ = {
			isa = PBXSourcesBuildPhase;
			buildActionMask = 2147483647;
			files = (
				76D48463190A97BF00B8157C /* UIImage+SVG.m in Sources */,
				76D48452190A979B00B8157C /* main.m in Sources */,
				76D48460190A97AD00B8157C /* PocketSVG.m in Sources */,
				76D48466190A97E700B8157C /* SVGImageCache.m in Sources */,
				76D48453190A979B00B8157C /* SVGAppDelegate.m in Sources */,
			);
			runOnlyForDeploymentPostprocessing = 0;
		};
		76D4842C190A975200B8157C /* Sources */ = {
			isa = PBXSourcesBuildPhase;
			buildActionMask = 2147483647;
			files = (
				76D4845C190A97A300B8157C /* UIImage_SVGTests.m in Sources */,
			);
			runOnlyForDeploymentPostprocessing = 0;
		};
/* End PBXSourcesBuildPhase section */

/* Begin PBXTargetDependency section */
		76D48436190A975200B8157C /* PBXTargetDependency */ = {
			isa = PBXTargetDependency;
			target = 76D48414190A975200B8157C /* UIImage-SVG */;
			targetProxy = 76D48435190A975200B8157C /* PBXContainerItemProxy */;
		};
/* End PBXTargetDependency section */

/* Begin PBXVariantGroup section */
		76D48448190A979B00B8157C /* InfoPlist.strings */ = {
			isa = PBXVariantGroup;
			children = (
				76D48449190A979B00B8157C /* en */,
			);
			name = InfoPlist.strings;
			sourceTree = "<group>";
		};
		76D48456190A97A300B8157C /* InfoPlist.strings */ = {
			isa = PBXVariantGroup;
			children = (
				76D48457190A97A300B8157C /* en */,
			);
			name = InfoPlist.strings;
			sourceTree = "<group>";
		};
/* End PBXVariantGroup section */

/* Begin XCBuildConfiguration section */
		76D4843F190A975200B8157C /* Debug */ = {
			isa = XCBuildConfiguration;
			buildSettings = {
				ALWAYS_SEARCH_USER_PATHS = NO;
				CLANG_CXX_LANGUAGE_STANDARD = "gnu++0x";
				CLANG_CXX_LIBRARY = "libc++";
				CLANG_ENABLE_MODULES = YES;
				CLANG_ENABLE_OBJC_ARC = YES;
				CLANG_WARN_BOOL_CONVERSION = YES;
				CLANG_WARN_CONSTANT_CONVERSION = YES;
				CLANG_WARN_DIRECT_OBJC_ISA_USAGE = YES_ERROR;
				CLANG_WARN_EMPTY_BODY = YES;
				CLANG_WARN_ENUM_CONVERSION = YES;
				CLANG_WARN_INT_CONVERSION = YES;
				CLANG_WARN_OBJC_ROOT_CLASS = YES_ERROR;
				CLANG_WARN__DUPLICATE_METHOD_MATCH = YES;
				"CODE_SIGN_IDENTITY[sdk=iphoneos*]" = "iPhone Developer";
				COPY_PHASE_STRIP = NO;
				GCC_C_LANGUAGE_STANDARD = gnu99;
				GCC_DYNAMIC_NO_PIC = NO;
				GCC_OPTIMIZATION_LEVEL = 0;
				GCC_PREPROCESSOR_DEFINITIONS = (
					"DEBUG=1",
					"$(inherited)",
				);
				GCC_SYMBOLS_PRIVATE_EXTERN = NO;
				GCC_WARN_64_TO_32_BIT_CONVERSION = YES;
				GCC_WARN_ABOUT_RETURN_TYPE = YES_ERROR;
				GCC_WARN_UNDECLARED_SELECTOR = YES;
				GCC_WARN_UNINITIALIZED_AUTOS = YES_AGGRESSIVE;
				GCC_WARN_UNUSED_FUNCTION = YES;
				GCC_WARN_UNUSED_VARIABLE = YES;
				IPHONEOS_DEPLOYMENT_TARGET = 7.1;
				ONLY_ACTIVE_ARCH = YES;
				SDKROOT = iphoneos;
			};
			name = Debug;
		};
		76D48440190A975200B8157C /* Release */ = {
			isa = XCBuildConfiguration;
			buildSettings = {
				ALWAYS_SEARCH_USER_PATHS = NO;
				CLANG_CXX_LANGUAGE_STANDARD = "gnu++0x";
				CLANG_CXX_LIBRARY = "libc++";
				CLANG_ENABLE_MODULES = YES;
				CLANG_ENABLE_OBJC_ARC = YES;
				CLANG_WARN_BOOL_CONVERSION = YES;
				CLANG_WARN_CONSTANT_CONVERSION = YES;
				CLANG_WARN_DIRECT_OBJC_ISA_USAGE = YES_ERROR;
				CLANG_WARN_EMPTY_BODY = YES;
				CLANG_WARN_ENUM_CONVERSION = YES;
				CLANG_WARN_INT_CONVERSION = YES;
				CLANG_WARN_OBJC_ROOT_CLASS = YES_ERROR;
				CLANG_WARN__DUPLICATE_METHOD_MATCH = YES;
				"CODE_SIGN_IDENTITY[sdk=iphoneos*]" = "iPhone Developer";
				COPY_PHASE_STRIP = YES;
				ENABLE_NS_ASSERTIONS = NO;
				GCC_C_LANGUAGE_STANDARD = gnu99;
				GCC_WARN_64_TO_32_BIT_CONVERSION = YES;
				GCC_WARN_ABOUT_RETURN_TYPE = YES_ERROR;
				GCC_WARN_UNDECLARED_SELECTOR = YES;
				GCC_WARN_UNINITIALIZED_AUTOS = YES_AGGRESSIVE;
				GCC_WARN_UNUSED_FUNCTION = YES;
				GCC_WARN_UNUSED_VARIABLE = YES;
				IPHONEOS_DEPLOYMENT_TARGET = 7.1;
				SDKROOT = iphoneos;
				VALIDATE_PRODUCT = YES;
			};
			name = Release;
		};
		76D48442190A975200B8157C /* Debug */ = {
			isa = XCBuildConfiguration;
			baseConfigurationReference = 1AADF9EC058F4974A3EEC6CB /* Pods.xcconfig */;
			buildSettings = {
				ASSETCATALOG_COMPILER_APPICON_NAME = AppIcon;
				ASSETCATALOG_COMPILER_LAUNCHIMAGE_NAME = LaunchImage;
				GCC_PRECOMPILE_PREFIX_HEADER = YES;
				GCC_PREFIX_HEADER = "Example/UIImage-SVG-Prefix.pch";
				INFOPLIST_FILE = "Example/UIImage-SVG-Info.plist";
				PRODUCT_NAME = "$(TARGET_NAME)";
				WRAPPER_EXTENSION = app;
			};
			name = Debug;
		};
		76D48443190A975200B8157C /* Release */ = {
			isa = XCBuildConfiguration;
			baseConfigurationReference = 1AADF9EC058F4974A3EEC6CB /* Pods.xcconfig */;
			buildSettings = {
				ASSETCATALOG_COMPILER_APPICON_NAME = AppIcon;
				ASSETCATALOG_COMPILER_LAUNCHIMAGE_NAME = LaunchImage;
				GCC_PRECOMPILE_PREFIX_HEADER = YES;
				GCC_PREFIX_HEADER = "Example/UIImage-SVG-Prefix.pch";
				INFOPLIST_FILE = "Example/UIImage-SVG-Info.plist";
				PRODUCT_NAME = "$(TARGET_NAME)";
				WRAPPER_EXTENSION = app;
			};
			name = Release;
		};
		76D48445190A975200B8157C /* Debug */ = {
			isa = XCBuildConfiguration;
			buildSettings = {
				BUNDLE_LOADER = "$(BUILT_PRODUCTS_DIR)/UIImage-SVG.app/UIImage-SVG";
				FRAMEWORK_SEARCH_PATHS = (
					"$(SDKROOT)/Developer/Library/Frameworks",
					"$(inherited)",
					"$(DEVELOPER_FRAMEWORKS_DIR)",
				);
				GCC_PRECOMPILE_PREFIX_HEADER = YES;
				GCC_PREFIX_HEADER = "Example/UIImage-SVG-Prefix.pch";
				GCC_PREPROCESSOR_DEFINITIONS = (
					"DEBUG=1",
					"$(inherited)",
				);
				INFOPLIST_FILE = "Tests/UIImage-SVGTests-Info.plist";
				PRODUCT_NAME = "$(TARGET_NAME)";
				TEST_HOST = "$(BUNDLE_LOADER)";
				WRAPPER_EXTENSION = xctest;
			};
			name = Debug;
		};
		76D48446190A975200B8157C /* Release */ = {
			isa = XCBuildConfiguration;
			buildSettings = {
				BUNDLE_LOADER = "$(BUILT_PRODUCTS_DIR)/UIImage-SVG.app/UIImage-SVG";
				FRAMEWORK_SEARCH_PATHS = (
					"$(SDKROOT)/Developer/Library/Frameworks",
					"$(inherited)",
					"$(DEVELOPER_FRAMEWORKS_DIR)",
				);
				GCC_PRECOMPILE_PREFIX_HEADER = YES;
				GCC_PREFIX_HEADER = "Example/UIImage-SVG-Prefix.pch";
				INFOPLIST_FILE = "Tests/UIImage-SVGTests-Info.plist";
				PRODUCT_NAME = "$(TARGET_NAME)";
				TEST_HOST = "$(BUNDLE_LOADER)";
				WRAPPER_EXTENSION = xctest;
			};
			name = Release;
		};
/* End XCBuildConfiguration section */

/* Begin XCConfigurationList section */
		76D48410190A975200B8157C /* Build configuration list for PBXProject "UIImage-SVG" */ = {
			isa = XCConfigurationList;
			buildConfigurations = (
				76D4843F190A975200B8157C /* Debug */,
				76D48440190A975200B8157C /* Release */,
			);
			defaultConfigurationIsVisible = 0;
			defaultConfigurationName = Release;
		};
		76D48441190A975200B8157C /* Build configuration list for PBXNativeTarget "UIImage-SVG" */ = {
			isa = XCConfigurationList;
			buildConfigurations = (
				76D48442190A975200B8157C /* Debug */,
				76D48443190A975200B8157C /* Release */,
			);
			defaultConfigurationIsVisible = 0;
			defaultConfigurationName = Release;
		};
		76D48444190A975200B8157C /* Build configuration list for PBXNativeTarget "UIImage-SVGTests" */ = {
			isa = XCConfigurationList;
			buildConfigurations = (
				76D48445190A975200B8157C /* Debug */,
				76D48446190A975200B8157C /* Release */,
			);
			defaultConfigurationIsVisible = 0;
			defaultConfigurationName = Release;
		};
/* End XCConfigurationList section */
	};
	rootObject = 76D4840D190A975200B8157C /* Project object */;
}
